{
    "format_version":"1.2",
    "terraform_version":"1.5.7",
    "variables":{
        "account_id":{"value":"1"},
        "cat":{"value":{"hello":2,"id":1}},
        "cluster_name":{"value":"my-eks-cluster"},
        "filename":{"value":"pets.txt"},
        "length":{"value":1},
        "pet":{"value":["Mr",".",2]},
        "spot_instance_types":{"value":["t3.nano","m5.large","t2.large","t3.large","t3.medium","t3a.medium","t3a.nano","t3a.micro","t3.micro","t3a.small","t3.small"]},
        "spot_price":{"value":"0.05"},
        "struct":{"value":{"length":2,"prefix":"Mr","separator":"."}}
    },
    "planned_values":{
        "outputs":{
            "bucket_names":{"sensitive":false}
        },
        "root_module":{
            "resources":[
                {
                    "address":"aws_iam_role.permissive_role",
                    "mode":"managed",
                    "type":"aws_iam_role",
                    "name":"permissive_role",
                    "provider_name":"registry.terraform.io/hashicorp/aws",
                    "schema_version":0,
                    "values":{
                        "assume_role_policy":"{\"Statement\":[{\"Action\":\"sts:AssumeRole\",\"Effect\":\"Allow\",\"Principal\":{\"Service\":\"ec2.amazonaws.com\"},\"Sid\":\"\"}],\"Version\":\"2012-10-17\"}",
                        "description":null,
                        "force_detach_policies":false,
                        "max_session_duration":3600,
                        "name":"permissive_role",
                        "path":"/",
                        "permissions_boundary":null,
                        "tags":{"env":"MOCK"},
                        "tags_all":{"env":"MOCK"}},
                        "sensitive_values":{"inline_policy":[],"managed_policy_arns":[],"tags":{},"tags_all":{}}
                },
                {
                    "address":"aws_iam_role_policy.permissive_policy",
                    "mode":"managed",
                    "type":"aws_iam_role_policy",
                    "name":"permissive_policy",
                    "provider_name":"registry.terraform.io/hashicorp/aws",
                    "schema_version":0,
                    "values":{
                        "name":"permissive_policy",
                        "policy":"{\"Version\":\"2012-10-17\",\"Statement\":[{\"Action\":[\"ec2:Describe*\"],\"Effect\":\"Allow\",\"Resource\":\"*\"}]}"
                    },
                    "sensitive_values":{}
                },
                {
                    "address":"aws_s3_bucket.missing_lifecycle",
                    "mode":"managed",
                    "type":"aws_s3_bucket",
                    "name":"missing_lifecycle",
                    "provider_name":"registry.terraform.io/hashicorp/aws",
                    "schema_version":0,
                    "values":{
                        "force_destroy":false,
                        "tags":{"Env":"dev"},
                        "tags_all":{"Env":"dev"},
                        "timeouts":null
                    },
                    "sensitive_values":{"cors_rule":[],"grant":[],"lifecycle_rule":[],"logging":[],"object_lock_configuration":[],"replication_configuration":[],"server_side_encryption_configuration":[],"tags":{},"tags_all":{},"versioning":[],"website":[]}
                },
                {
                    "address":"aws_s3_bucket.public_bucket",
                    "mode":"managed",
                    "type":"aws_s3_bucket",
                    "name":"public_bucket",
                    "provider_name":"registry.terraform.io/hashicorp/aws",
                    "schema_version":0,
                    "values":{
                        "force_destroy":true,
                        "tags":null,
                        "timeouts":null
                    },
                    "sensitive_values":{"cors_rule":[],"grant":[],"lifecycle_rule":[],"logging":[],"object_lock_configuration":[],"replication_configuration":[],"server_side_encryption_configuration":[],"tags_all":{},"versioning":[],"website":[]}
                },
                {
                    "address":"aws_s3_bucket.untagged",
                    "mode":"managed",
                    "type":"aws_s3_bucket",
                    "name":"untagged",
                    "provider_name":"registry.terraform.io/hashicorp/aws",
                    "schema_version":0,
                    "values":{
                        "force_destroy":false,
                        "tags":null,
                        "timeouts":null
                    },
                    "sensitive_values":{"cors_rule":[],"grant":[],"lifecycle_rule":[],"logging":[],"object_lock_configuration":[],"replication_configuration":[],"server_side_encryption_configuration":[],"tags_all":{},"versioning":[],"website":[]}
                },
                {
                    "address":"aws_s3_bucket_acl.public",
                    "mode":"managed",
                    "type":"aws_s3_bucket_acl",
                    "name":"public",
                    "provider_name":"registry.terraform.io/hashicorp/aws",
                    "schema_version":0,
                    "values":{
                        "acl":"public-read",
                        "expected_bucket_owner":null
                    },
                    "sensitive_values":{"access_control_policy":[]}
                },
                {
                    "address":"random_id.suffix",
                    "mode":"managed",
                    "type":"random_id",
                    "name":"suffix",
                    "provider_name":"registry.terraform.io/hashicorp/random",
                    "schema_version":0,
                    "values":{"byte_length":4,"keepers":null,"prefix":null},"sensitive_values":{}
                }
            ]
        }
    },
    "resource_changes":[{"address":"aws_s3_bucket.missing_lifecycle","mode":"managed","type":"aws_s3_bucket","name":"missing_lifecycle","provider_name":"registry.terraform.io/hashicorp/aws","change":{"actions":["create"],"before":null,"after":{"force_destroy":false,"tags":{"Env":"dev"},"tags_all":{"Env":"dev"},"timeouts":null},"after_unknown":{"acceleration_status":true,"acl":true,"arn":true,"bucket":true,"bucket_domain_name":true,"bucket_prefix":true,"bucket_regional_domain_name":true,"cors_rule":true,"grant":true,"hosted_zone_id":true,"id":true,"lifecycle_rule":true,"logging":true,"object_lock_configuration":true,"object_lock_enabled":true,"policy":true,"region":true,"replication_configuration":true,"request_payer":true,"server_side_encryption_configuration":true,"tags":{},"tags_all":{},"versioning":true,"website":true,"website_domain":true,"website_endpoint":true},"before_sensitive":false,"after_sensitive":{"cors_rule":[],"grant":[],"lifecycle_rule":[],"logging":[],"object_lock_configuration":[],"replication_configuration":[],"server_side_encryption_configuration":[],"tags":{},"tags_all":{},"versioning":[],"website":[]}}},{"address":"aws_s3_bucket.public_bucket","mode":"managed","type":"aws_s3_bucket","name":"public_bucket","provider_name":"registry.terraform.io/hashicorp/aws","change":{"actions":["create"],"before":null,"after":{"force_destroy":true,"tags":null,"timeouts":null},"after_unknown":{"acceleration_status":true,"acl":true,"arn":true,"bucket":true,"bucket_domain_name":true,"bucket_prefix":true,"bucket_regional_domain_name":true,"cors_rule":true,"grant":true,"hosted_zone_id":true,"id":true,"lifecycle_rule":true,"logging":true,"object_lock_configuration":true,"object_lock_enabled":true,"policy":true,"region":true,"replication_configuration":true,"request_payer":true,"server_side_encryption_configuration":true,"tags_all":true,"versioning":true,"website":true,"website_domain":true,"website_endpoint":true},"before_sensitive":false,"after_sensitive":{"cors_rule":[],"grant":[],"lifecycle_rule":[],"logging":[],"object_lock_configuration":[],"replication_configuration":[],"server_side_encryption_configuration":[],"tags_all":{},"versioning":[],"website":[]}}},{"address":"aws_s3_bucket.untagged","mode":"managed","type":"aws_s3_bucket","name":"untagged","provider_name":"registry.terraform.io/hashicorp/aws","change":{"actions":["create"],"before":null,"after":{"force_destroy":false,"tags":null,"timeouts":null},"after_unknown":{"acceleration_status":true,"acl":true,"arn":true,"bucket":true,"bucket_domain_name":true,"bucket_prefix":true,"bucket_regional_domain_name":true,"cors_rule":true,"grant":true,"hosted_zone_id":true,"id":true,"lifecycle_rule":true,"logging":true,"object_lock_configuration":true,"object_lock_enabled":true,"policy":true,"region":true,"replication_configuration":true,"request_payer":true,"server_side_encryption_configuration":true,"tags_all":true,"versioning":true,"website":true,"website_domain":true,"website_endpoint":true},"before_sensitive":false,"after_sensitive":{"cors_rule":[],"grant":[],"lifecycle_rule":[],"logging":[],"object_lock_configuration":[],"replication_configuration":[],"server_side_encryption_configuration":[],"tags_all":{},"versioning":[],"website":[]}}},{"address":"aws_s3_bucket_acl.public","mode":"managed","type":"aws_s3_bucket_acl","name":"public","provider_name":"registry.terraform.io/hashicorp/aws","change":{"actions":["create"],"before":null,"after":{"acl":"public-read","expected_bucket_owner":null},"after_unknown":{"access_control_policy":true,"bucket":true,"id":true},"before_sensitive":false,"after_sensitive":{"access_control_policy":[]}}},{"address":"random_id.suffix","mode":"managed","type":"random_id","name":"suffix","provider_name":"registry.terraform.io/hashicorp/random","change":{"actions":["create"],"before":null,"after":{"byte_length":4,"keepers":null,"prefix":null},"after_unknown":{"b64_std":true,"b64_url":true,"dec":true,"hex":true,"id":true},"before_sensitive":false,"after_sensitive":{}}}],"output_changes":{"bucket_names":{"actions":["create"],"before":null,"after":[null,null,null],"after_unknown":[true,true,true],"before_sensitive":false,"after_sensitive":false}},"configuration":{"provider_config":{"aws":{"name":"aws","full_name":"registry.terraform.io/hashicorp/aws","version_constraint":"~\u003e 5.0","expressions":{"access_key":{"constant_value":"MOCK"},"region":{"constant_value":"us-west-2"},"secret_key":{"constant_value":"MOCK"},"skip_credentials_validation":{"constant_value":true},"skip_metadata_api_check":{"constant_value":true},"skip_requesting_account_id":{"constant_value":true}}},"random":{"name":"random","full_name":"registry.terraform.io/hashicorp/random"}},"root_module":{"outputs":{"bucket_names":{"expression":{"references":["aws_s3_bucket.public_bucket.bucket","aws_s3_bucket.public_bucket","aws_s3_bucket.untagged.bucket","aws_s3_bucket.untagged","aws_s3_bucket.missing_lifecycle.bucket","aws_s3_bucket.missing_lifecycle"]}}},"resources":[{"address":"aws_s3_bucket.missing_lifecycle","mode":"managed","type":"aws_s3_bucket","name":"missing_lifecycle","provider_config_key":"aws","expressions":{"bucket":{"references":["random_id.suffix.hex","random_id.suffix"]},"tags":{"constant_value":{"Env":"dev"}}},"schema_version":0},{"address":"aws_s3_bucket.public_bucket","mode":"managed","type":"aws_s3_bucket","name":"public_bucket","provider_config_key":"aws","expressions":{"bucket":{"references":["random_id.suffix.hex","random_id.suffix"]},"force_destroy":{"constant_value":true}},"schema_version":0},{"address":"aws_s3_bucket.untagged","mode":"managed","type":"aws_s3_bucket","name":"untagged","provider_config_key":"aws","expressions":{"bucket":{"references":["random_id.suffix.hex","random_id.suffix"]}},"schema_version":0},{"address":"aws_s3_bucket_acl.public","mode":"managed","type":"aws_s3_bucket_acl","name":"public","provider_config_key":"aws","expressions":{"acl":{"constant_value":"public-read"},"bucket":{"references":["aws_s3_bucket.public_bucket.id","aws_s3_bucket.public_bucket"]}},"schema_version":0},{"address":"random_id.suffix","mode":"managed","type":"random_id","name":"suffix","provider_config_key":"random","expressions":{"byte_length":{"constant_value":4}},"schema_version":0}],"variables":{"account_id":{"description":"AWS account ID"},"cat":{"default":{"hello":2,"id":1}},"cluster_name":{"default":"my-eks-cluster","description":"Name of the EKS cluster"},"filename":{"default":"pets.txt"},"length":{"default":1},"pet":{"default":["Mr",".",2]},"spot_instance_types":{"default":["t3.nano","m5.large","t2.large","t3.large","t3.medium","t3a.medium","t3a.nano","t3a.micro","t3.micro","t3a.small","t3.small"],"description":"Instance types for the spot worker node"},"spot_price":{"default":"0.05","description":"Maximum price to pay for the spot instance"},"struct":{"default":{"length":2,"prefix":"Mr","separator":"."}}}}},"relevant_attributes":[{"resource":"random_id.suffix","attribute":["hex"]},{"resource":"aws_s3_bucket.public_bucket","attribute":["id"]},{"resource":"aws_s3_bucket.public_bucket","attribute":["bucket"]},{"resource":"aws_s3_bucket.untagged","attribute":["bucket"]},{"resource":"aws_s3_bucket.missing_lifecycle","attribute":["bucket"]}],"timestamp":"2025-03-27T16:54:24Z"}
